
Microsoft Visual Studio Solution File, Format Version 12.00
# Visual Studio Version 17
VisualStudioVersion = 17.1.32210.238
MinimumVisualStudioVersion = 10.0.40219.1
Project("{9A19103F-16F7-4668-BE54-9A1E7A4F7556}") = "PetShop.Model", "PetShop.Model\PetShop.Model.csproj", "{A8CC5C76-71FE-4D0D-A25B-255A42E0461F}"
EndProject
Project("{9A19103F-16F7-4668-BE54-9A1E7A4F7556}") = "PetShop.EF", "PetShop.EF\PetShop.EF.csproj", "{353DA72B-6297-4A4C-82D9-5CDB83A3A6B7}"
EndProject
Project("{FAE04EC0-301F-11D3-BF4B-00C04F79EFBC}") = "PetShop.MVC", "PetShop.MVC\PetShop.MVC.csproj", "{D8C31C9D-F72B-4B48-9E24-E6816159BD3D}"
EndProject
Global
	GlobalSection(SolutionConfigurationPlatforms) = preSolution
		Debug|Any CPU = Debug|Any CPU
		Release|Any CPU = Release|Any CPU
	EndGlobalSection
	GlobalSection(ProjectConfigurationPlatforms) = postSolution
		{A8CC5C76-71FE-4D0D-A25B-255A42E0461F}.Debug|Any CPU.ActiveCfg = Debug|Any CPU
		{A8CC5C76-71FE-4D0D-A25B-255A42E0461F}.Debug|Any CPU.Build.0 = Debug|Any CPU
		{A8CC5C76-71FE-4D0D-A25B-255A42E0461F}.Release|Any CPU.ActiveCfg = Release|Any CPU
		{A8CC5C76-71FE-4D0D-A25B-255A42E0461F}.Release|Any CPU.Build.0 = Release|Any CPU
		{353DA72B-6297-4A4C-82D9-5CDB83A3A6B7}.Debug|Any CPU.ActiveCfg = Debug|Any CPU
		{353DA72B-6297-4A4C-82D9-5CDB83A3A6B7}.Debug|Any CPU.Build.0 = Debug|Any CPU
		{353DA72B-6297-4A4C-82D9-5CDB83A3A6B7}.Release|Any CPU.ActiveCfg = Release|Any CPU
		{353DA72B-6297-4A4C-82D9-5CDB83A3A6B7}.Release|Any CPU.Build.0 = Release|Any CPU
		{D8C31C9D-F72B-4B48-9E24-E6816159BD3D}.Debug|Any CPU.ActiveCfg = Debug|Any CPU
		{D8C31C9D-F72B-4B48-9E24-E6816159BD3D}.Debug|Any CPU.Build.0 = Debug|Any CPU
		{D8C31C9D-F72B-4B48-9E24-E6816159BD3D}.Release|Any CPU.ActiveCfg = Release|Any CPU
		{D8C31C9D-F72B-4B48-9E24-E6816159BD3D}.Release|Any CPU.Build.0 = Release|Any CPU
	EndGlobalSection
	GlobalSection(SolutionProperties) = preSolution
		HideSolutionNode = FALSE
	EndGlobalSection
	GlobalSection(ExtensibilityGlobals) = postSolution
		SolutionGuid = {6E1C0790-E781-47DB-9CCE-FB505D81C45A}
	EndGlobalSection
EndGlobal
